
Microsoft Visual Studio Solution File, Format Version 12.00
# Visual Studio Version 17
VisualStudioVersion = 17.9.34723.18
MinimumVisualStudioVersion = 10.0.40219.1
Project("{FAE04EC0-301F-11D3-BF4B-00C04F79EFBC}") = "winform_1", "winform_1\winform_1.csproj", "{06A58B5F-F9DF-4940-95F5-D2D01F894EF1}"
EndProject
Global
	GlobalSection(SolutionConfigurationPlatforms) = preSolution
		Debug|Any CPU = Debug|Any CPU
		Release|Any CPU = Release|Any CPU
	EndGlobalSection
	GlobalSection(ProjectConfigurationPlatforms) = postSolution
		{06A58B5F-F9DF-4940-95F5-D2D01F894EF1}.Debug|Any CPU.ActiveCfg = Debug|Any CPU
		{06A58B5F-F9DF-4940-95F5-D2D01F894EF1}.Debug|Any CPU.Build.0 = Debug|Any CPU
		{06A58B5F-F9DF-4940-95F5-D2D01F894EF1}.Release|Any CPU.ActiveCfg = Release|Any CPU
		{06A58B5F-F9DF-4940-95F5-D2D01F894EF1}.Release|Any CPU.Build.0 = Release|Any CPU
	EndGlobalSection
	GlobalSection(SolutionProperties) = preSolution
		HideSolutionNode = FALSE
	EndGlobalSection
	GlobalSection(ExtensibilityGlobals) = postSolution
		SolutionGuid = {DE669E5F-F505-448C-A44F-B881462300F3}
	EndGlobalSection
EndGlobal
