
Microsoft Visual Studio Solution File, Format Version 12.00
# Visual Studio Version 17
VisualStudioVersion = 17.9.34723.18
MinimumVisualStudioVersion = 10.0.40219.1
Project("{FAE04EC0-301F-11D3-BF4B-00C04F79EFBC}") = "winforms_tic_tac_toe", "winforms_tic_tac_toe\winforms_tic_tac_toe.csproj", "{6CACC5EE-6DC3-4D05-9011-CD5FFE84AF45}"
EndProject
Global
	GlobalSection(SolutionConfigurationPlatforms) = preSolution
		Debug|Any CPU = Debug|Any CPU
		Release|Any CPU = Release|Any CPU
	EndGlobalSection
	GlobalSection(ProjectConfigurationPlatforms) = postSolution
		{6CACC5EE-6DC3-4D05-9011-CD5FFE84AF45}.Debug|Any CPU.ActiveCfg = Debug|Any CPU
		{6CACC5EE-6DC3-4D05-9011-CD5FFE84AF45}.Debug|Any CPU.Build.0 = Debug|Any CPU
		{6CACC5EE-6DC3-4D05-9011-CD5FFE84AF45}.Release|Any CPU.ActiveCfg = Release|Any CPU
		{6CACC5EE-6DC3-4D05-9011-CD5FFE84AF45}.Release|Any CPU.Build.0 = Release|Any CPU
	EndGlobalSection
	GlobalSection(SolutionProperties) = preSolution
		HideSolutionNode = FALSE
	EndGlobalSection
	GlobalSection(ExtensibilityGlobals) = postSolution
		SolutionGuid = {7ABDDD5A-A4EB-47AA-B74B-025886819B39}
	EndGlobalSection
EndGlobal
