
Microsoft Visual Studio Solution File, Format Version 12.00
# Visual Studio Version 17
VisualStudioVersion = 17.9.34723.18
MinimumVisualStudioVersion = 10.0.40219.1
Project("{FAE04EC0-301F-11D3-BF4B-00C04F79EFBC}") = "winformstest", "winformstest\winformstest.csproj", "{30600427-5CDA-47AF-B028-259B1E29D2FD}"
EndProject
Global
	GlobalSection(SolutionConfigurationPlatforms) = preSolution
		Debug|Any CPU = Debug|Any CPU
		Release|Any CPU = Release|Any CPU
	EndGlobalSection
	GlobalSection(ProjectConfigurationPlatforms) = postSolution
		{30600427-5CDA-47AF-B028-259B1E29D2FD}.Debug|Any CPU.ActiveCfg = Debug|Any CPU
		{30600427-5CDA-47AF-B028-259B1E29D2FD}.Debug|Any CPU.Build.0 = Debug|Any CPU
		{30600427-5CDA-47AF-B028-259B1E29D2FD}.Release|Any CPU.ActiveCfg = Release|Any CPU
		{30600427-5CDA-47AF-B028-259B1E29D2FD}.Release|Any CPU.Build.0 = Release|Any CPU
	EndGlobalSection
	GlobalSection(SolutionProperties) = preSolution
		HideSolutionNode = FALSE
	EndGlobalSection
	GlobalSection(ExtensibilityGlobals) = postSolution
		SolutionGuid = {39463BB7-288A-4F67-9FFD-FD49585EFDC2}
	EndGlobalSection
EndGlobal
